<?xml version="1.0" encoding="utf-8"?>
<Project ToolsVersion="4.0" xmlns="http://schemas.microsoft.com/developer/msbuild/2003">
  <ItemGroup>
    <Filter Include="Source Files">
      <UniqueIdentifier>{4FC737F1-C7A5-4376-A066-2A32D752A2FF}</UniqueIdentifier>
      <Extensions>cpp;c;cc;cxx;def;odl;idl;hpj;bat;asm;asmx</Extensions>
    </Filter>
    <Filter Include="Header Files">
      <UniqueIdentifier>{93995380-89BD-4b04-88EB-625FBE52EBFB}</UniqueIdentifier>
      <Extensions>h;hh;hpp;hxx;hm;inl;inc;xsd</Extensions>
    </Filter>
    <Filter Include="Resource Files">
      <UniqueIdentifier>{67DA6AB6-F800-4c08-8B7A-83BB121AAD01}</UniqueIdentifier>
      <Extensions>rc;ico;cur;bmp;dlg;rc2;rct;bin;rgs;gif;jpg;jpeg;jpe;resx;tiff;tif;png;wav;mfcribbon-ms</Extensions>
    </Filter>
    <Filter Include="Source Files\HW1-ISP">
      <UniqueIdentifier>{c929a077-8c99-40b3-b7a4-de9a84d97a4e}</UniqueIdentifier>
    </Filter>
    <Filter Include="Source Files\Lab2-Decisions">
      <UniqueIdentifier>{acc5c31e-e623-4d3d-b06d-dddef8e074c9}</UniqueIdentifier>
    </Filter>
    <Filter Include="Source Files\Lab1-Strings">
      <UniqueIdentifier>{938f3c8b-2700-4c0e-bb42-a8543380a083}</UniqueIdentifier>
    </Filter>
  </ItemGroup>
  <ItemGroup>
    <ClCompile Include="Sandbox.cpp">
      <Filter>Source Files</Filter>
    </ClCompile>
    <ClCompile Include="Lab03-TImer\Countdown TImer.cpp">
      <Filter>Source Files</Filter>
    </ClCompile>
    <ClCompile Include="Lab02-Decisions\StateIncomeTax.cpp">
      <Filter>Source Files\Lab2-Decisions</Filter>
    </ClCompile>
    <ClCompile Include="Lab01-Strings\MonthlyPayments.cpp">
      <Filter>Source Files\Lab1-Strings</Filter>
    </ClCompile>
    <ClCompile Include="Lab01-Strings\StockTransactionProgram.cpp">
      <Filter>Source Files\Lab1-Strings</Filter>
    </ClCompile>
    <ClCompile Include="Lab01-Strings\WordGame.cpp">
      <Filter>Source Files\Lab1-Strings</Filter>
    </ClCompile>
    <ClCompile Include="HW02-Clock\HW01-Clock.cpp">
      <Filter>Source Files</Filter>
    </ClCompile>
    <ClCompile Include="HW01-ISP\InternetSeriveProvider.cpp">
      <Filter>Source Files\HW1-ISP</Filter>
    </ClCompile>
    <ClCompile Include="Lab04-Calculator\Calculator.cpp">
      <Filter>Source Files</Filter>
    </ClCompile>
    <ClCompile Include="Lab06-Files\AppendFile_1.cpp">
      <Filter>Source Files</Filter>
    </ClCompile>
    <ClCompile Include="Lab06-Files\AppendFile_2.cpp">
      <Filter>Source Files</Filter>
    </ClCompile>
    <ClCompile Include="Lab06-Files\FileCopy.cpp">
      <Filter>Source Files</Filter>
    </ClCompile>
    <ClCompile Include="Lab06-Files\FileErrors.cpp">
      <Filter>Source Files</Filter>
    </ClCompile>
    <ClCompile Include="Lab06-Files\FormatFileOutput.cpp">
      <Filter>Source Files</Filter>
    </ClCompile>
    <ClCompile Include="Lab06-Files\GetlineDelimiter.cpp">
      <Filter>Source Files</Filter>
    </ClCompile>
    <ClCompile Include="Lab06-Files\GetlineDemo.cpp">
      <Filter>Source Files</Filter>
    </ClCompile>
    <ClCompile Include="Lab06-Files\InputFileName.cpp">
      <Filter>Source Files</Filter>
    </ClCompile>
    <ClCompile Include="Lab05-Functions\AmbiguousOverloading.cpp">
      <Filter>Source Files</Filter>
    </ClCompile>
    <ClCompile Include="Lab05-Functions\DefaultArgumentDemo.cpp">
      <Filter>Source Files</Filter>
    </ClCompile>
    <ClCompile Include="Lab05-Functions\GreatestCommonDivisor.cpp">
      <Filter>Source Files</Filter>
    </ClCompile>
    <ClCompile Include="Lab05-Functions\GreatestCommonDivisorFunction.cpp">
      <Filter>Source Files</Filter>
    </ClCompile>
    <ClCompile Include="Lab05-Functions\Hex2Dec.cpp">
      <Filter>Source Files</Filter>
    </ClCompile>
    <ClCompile Include="Lab05-Functions\Increment.cpp">
      <Filter>Source Files</Filter>
    </ClCompile>
    <ClCompile Include="Lab05-Functions\IncrementWithPassByReference.cpp">
      <Filter>Source Files</Filter>
    </ClCompile>
    <ClCompile Include="Lab05-Functions\InlineDemo.cpp">
      <Filter>Source Files</Filter>
    </ClCompile>
    <ClCompile Include="Lab05-Functions\InlineDemo1.cpp">
      <Filter>Source Files</Filter>
    </ClCompile>
    <ClCompile Include="Lab05-Functions\PrimeNumber.cpp">
      <Filter>Source Files</Filter>
    </ClCompile>
    <ClCompile Include="Lab05-Functions\PrimeNumberFunction.cpp">
      <Filter>Source Files</Filter>
    </ClCompile>
    <ClCompile Include="Lab05-Functions\PrintCalendar.cpp">
      <Filter>Source Files</Filter>
    </ClCompile>
    <ClCompile Include="Lab05-Functions\PrintCalendarSkeleton.cpp">
      <Filter>Source Files</Filter>
    </ClCompile>
    <ClCompile Include="Lab05-Functions\StaticVariableDemo.cpp">
      <Filter>Source Files</Filter>
    </ClCompile>
    <ClCompile Include="Lab05-Functions\TestFunctionOverloading.cpp">
      <Filter>Source Files</Filter>
    </ClCompile>
    <ClCompile Include="Lab05-Functions\TestFunctionPrototype.cpp">
      <Filter>Source Files</Filter>
    </ClCompile>
    <ClCompile Include="Lab05-Functions\TestMax.cpp">
      <Filter>Source Files</Filter>
    </ClCompile>
    <ClCompile Include="Lab05-Functions\TestPassByReference.cpp">
      <Filter>Source Files</Filter>
    </ClCompile>
    <ClCompile Include="Lab05-Functions\TestPassByValue.cpp">
      <Filter>Source Files</Filter>
    </ClCompile>
    <ClCompile Include="Lab05-Functions\TestReferenceVariable.cpp">
      <Filter>Source Files</Filter>
    </ClCompile>
    <ClCompile Include="Lab05-Functions\TestReturnGradeFunction.cpp">
      <Filter>Source Files</Filter>
    </ClCompile>
    <ClCompile Include="Lab05-Functions\TestVoidFunction.cpp">
      <Filter>Source Files</Filter>
    </ClCompile>
    <ClCompile Include="Lab05-Functions\VariableScopeDemo.cpp">
      <Filter>Source Files</Filter>
    </ClCompile>
  </ItemGroup>
  <ItemGroup>
    <Text Include="calc.txt" />
    <Text Include="city.txt" />
    <Text Include="murphy.txt" />
    <Text Include="names2.txt" />
  </ItemGroup>
</Project>