<?xml version="1.0" encoding="utf-8"?>
<Project ToolsVersion="4.0" xmlns="http://schemas.microsoft.com/developer/msbuild/2003">
  <ItemGroup>
    <Filter Include="Source Files">
      <UniqueIdentifier>{4FC737F1-C7A5-4376-A066-2A32D752A2FF}</UniqueIdentifier>
      <Extensions>cpp;c;cc;cxx;def;odl;idl;hpj;bat;asm;asmx</Extensions>
    </Filter>
    <Filter Include="Header Files">
      <UniqueIdentifier>{93995380-89BD-4b04-88EB-625FBE52EBFB}</UniqueIdentifier>
      <Extensions>h;hh;hpp;hxx;hm;inl;inc;xsd</Extensions>
    </Filter>
    <Filter Include="Resource Files">
      <UniqueIdentifier>{67DA6AB6-F800-4c08-8B7A-83BB121AAD01}</UniqueIdentifier>
      <Extensions>rc;ico;cur;bmp;dlg;rc2;rct;bin;rgs;gif;jpg;jpeg;jpe;resx;tiff;tif;png;wav;mfcribbon-ms</Extensions>
    </Filter>
    <Filter Include="Source Files\HW1-ISP">
      <UniqueIdentifier>{c929a077-8c99-40b3-b7a4-de9a84d97a4e}</UniqueIdentifier>
    </Filter>
    <Filter Include="Source Files\Lab2-Decisions">
      <UniqueIdentifier>{acc5c31e-e623-4d3d-b06d-dddef8e074c9}</UniqueIdentifier>
    </Filter>
    <Filter Include="Source Files\Lab1-Strings">
      <UniqueIdentifier>{938f3c8b-2700-4c0e-bb42-a8543380a083}</UniqueIdentifier>
    </Filter>
  </ItemGroup>
  <ItemGroup>
    <ClCompile Include="Sandbox.cpp">
      <Filter>Source Files</Filter>
    </ClCompile>
    <ClCompile Include="HW1-ISP\InternetSeriveProvider.cpp">
      <Filter>Source Files\HW1-ISP</Filter>
    </ClCompile>
    <ClCompile Include="Lab1-Strings\WordGame.cpp">
      <Filter>Source Files\Lab1-Strings</Filter>
    </ClCompile>
    <ClCompile Include="Lab1-Strings\MonthlyPayments.cpp">
      <Filter>Source Files\Lab1-Strings</Filter>
    </ClCompile>
    <ClCompile Include="Lab2-Decisions\StateIncomeTax.cpp">
      <Filter>Source Files\Lab2-Decisions</Filter>
    </ClCompile>
    <ClCompile Include="Lab1-Strings\StockTransactionProgram.cpp">
      <Filter>Source Files\Lab1-Strings</Filter>
    </ClCompile>
    <ClCompile Include="Lab3-TImer\Countdown TImer.cpp">
      <Filter>Source Files</Filter>
    </ClCompile>
  </ItemGroup>
</Project>